
Microsoft Visual Studio Solution File, Format Version 12.00
# Visual Studio Version 16
VisualStudioVersion = 16.0.31729.503
MinimumVisualStudioVersion = 10.0.40219.1
Project("{FAE04EC0-301F-11D3-BF4B-00C04F79EFBC}") = "TccTest", "TccTest.csproj", "{A82CEFD3-7C56-4F5C-8F5D-37582B56FD26}"
EndProject
Global
	GlobalSection(SolutionConfigurationPlatforms) = preSolution
		Debug|Any CPU = Debug|Any CPU
		Release|Any CPU = Release|Any CPU
	EndGlobalSection
	GlobalSection(ProjectConfigurationPlatforms) = postSolution
		{A82CEFD3-7C56-4F5C-8F5D-37582B56FD26}.Debug|Any CPU.ActiveCfg = Debug|Any CPU
		{A82CEFD3-7C56-4F5C-8F5D-37582B56FD26}.Debug|Any CPU.Build.0 = Debug|Any CPU
		{A82CEFD3-7C56-4F5C-8F5D-37582B56FD26}.Release|Any CPU.ActiveCfg = Release|Any CPU
		{A82CEFD3-7C56-4F5C-8F5D-37582B56FD26}.Release|Any CPU.Build.0 = Release|Any CPU
	EndGlobalSection
	GlobalSection(SolutionProperties) = preSolution
		HideSolutionNode = FALSE
	EndGlobalSection
	GlobalSection(ExtensibilityGlobals) = postSolution
		SolutionGuid = {4346E268-EE22-4149-8E4C-AC7EE834710E}
	EndGlobalSection
EndGlobal
